
Microsoft Visual Studio Solution File, Format Version 12.00
# Visual Studio Version 17
VisualStudioVersion = 17.0.32014.148
MinimumVisualStudioVersion = 10.0.40219.1
Project("{9A19103F-16F7-4668-BE54-9A1E7A4F7556}") = "KeyVaultEditor", "KeyVaultEditor\KeyVaultEditor.csproj", "{AD1BCBE5-8D3C-4CD2-9549-58B04922DFC5}"
EndProject
Project("{2150E333-8FDC-42A3-9474-1A3956D46DE8}") = "Items", "Items", "{F51730F3-730F-4E15-9626-39ECEAA7A58F}"
	ProjectSection(SolutionItems) = preProject
		.gitignore = .gitignore
		readme.md = readme.md
	EndProjectSection
EndProject
Global
	GlobalSection(SolutionConfigurationPlatforms) = preSolution
		Debug|Any CPU = Debug|Any CPU
		Release|Any CPU = Release|Any CPU
	EndGlobalSection
	GlobalSection(ProjectConfigurationPlatforms) = postSolution
		{AD1BCBE5-8D3C-4CD2-9549-58B04922DFC5}.Debug|Any CPU.ActiveCfg = Debug|Any CPU
		{AD1BCBE5-8D3C-4CD2-9549-58B04922DFC5}.Debug|Any CPU.Build.0 = Debug|Any CPU
		{AD1BCBE5-8D3C-4CD2-9549-58B04922DFC5}.Release|Any CPU.ActiveCfg = Release|Any CPU
		{AD1BCBE5-8D3C-4CD2-9549-58B04922DFC5}.Release|Any CPU.Build.0 = Release|Any CPU
	EndGlobalSection
	GlobalSection(SolutionProperties) = preSolution
		HideSolutionNode = FALSE
	EndGlobalSection
	GlobalSection(ExtensibilityGlobals) = postSolution
		SolutionGuid = {5DE72E6C-876E-4F5D-A850-06D18E276912}
	EndGlobalSection
EndGlobal
